version = 1
revision = 2
requires-python = "==3.13.*"

[[package]]
name = "agent-client-protocol"
version = "0.12.0"
source = { registry = ".wheelhouse-curated" }
dependencies = [
    { name = "pydantic" },
]
wheels = [
    { path = "agent_client_protocol-0.12.0-py3-none-any.whl" },
]

[[package]]
name = "aioboto3"
version = "15.5.0"
source = { registry = ".wheelhouse-curated" }
dependencies = [
    { name = "aiobotocore", extra = ["boto3"] },
    { name = "aiofiles" },
]
wheels = [
    { path = "aioboto3-15.5.0-py3-none-any.whl" },
]

[[package]]
name = "aiobotocore"
version = "2.25.1"
source = { registry = ".wheelhouse-curated" }
dependencies = [
    { name = "aiohttp" },
    { name = "aioitertools" },
    { name = "botocore" },
    { name = "jmespath" },
    { name = "multidict" },
    { name = "python-dateutil" },
    { name = "wrapt" },
]
wheels = [
    { path = "aiobotocore-2.25.1-py3-none-any.whl" },
]

[package.optional-dependencies]
boto3 = [
    { name = "boto3" },
]

[[package]]
name = "aiofiles"
version = "25.1.0"
source = { registry = ".wheelhouse-curated" }
wheels = [
    { path = "aiofiles-25.1.0-py3-none-any.whl" },
]

[[package]]
name = "aiohappyeyeballs"
version = "2.7.1"
source = { registry = ".wheelhouse-curated" }
wheels = [
    { path = "aiohappyeyeballs-2.7.1-py3-none-any.whl" },
]

[[package]]
name = "aiohttp"
version = "3.14.3"
source = { registry = ".wheelhouse-curated" }
dependencies = [
    { name = "aiohappyeyeballs" },
    { name = "aiosignal" },
    { name = "attrs" },
    { name = "frozenlist" },
    { name = "multidict" },
    { name = "propcache" },
    { name = "yarl" },
]
wheels = [
    { path = "aiohttp-3.14.3-cp313-cp313-win_amd64.whl" },
]

[[package]]
name = "aioitertools"
version = "0.13.0"
source = { registry = ".wheelhouse-curated" }
wheels = [
    { path = "aioitertools-0.13.0-py3-none-any.whl" },
]

[[package]]
name = "aiosignal"
version = "1.4.0"
source = { registry = ".wheelhouse-curated" }
dependencies = [
    { name = "frozenlist" },
]
wheels = [
    { path = "aiosignal-1.4.0-py3-none-any.whl" },
]

[[package]]
name = "alembic"
version = "1.18.4"
source = { registry = ".wheelhouse-curated" }
dependencies = [
    { name = "mako" },
    { name = "sqlalchemy" },
    { name = "typing-extensions" },
]
wheels = [
    { path = "alembic-1.18.4-py3-none-any.whl" },
]

[[package]]
name = "annotated-doc"
version = "0.0.5"
source = { registry = ".wheelhouse-curated" }
wheels = [
    { path = "annotated_doc-0.0.5-py3-none-any.whl" },
]

[[package]]
name = "annotated-types"
version = "0.8.0"
source = { registry = ".wheelhouse-curated" }
wheels = [
    { path = "annotated_types-0.8.0-py3-none-any.whl" },
]

[[package]]
name = "anyio"
version = "4.14.2"
source = { registry = ".wheelhouse-curated" }
dependencies = [
    { name = "idna" },
]
wheels = [
    { path = "anyio-4.14.2-py3-none-any.whl" },
]

[[package]]
name = "attrs"
version = "26.1.0"
source = { registry = ".wheelhouse-curated" }
wheels = [
    { path = "attrs-26.1.0-py3-none-any.whl" },
]

[[package]]
name = "backoff"
version = "2.2.1"
source = { registry = ".wheelhouse-curated" }
wheels = [
    { path = "backoff-2.2.1-py3-none-any.whl" },
]

[[package]]
name = "beautifulsoup4"
version = "4.15.0"
source = { registry = ".wheelhouse-curated" }
dependencies = [
    { name = "soupsieve" },
    { name = "typing-extensions" },
]
wheels = [
    { path = "beautifulsoup4-4.15.0-py3-none-any.whl" },
]

[[package]]
name = "boto3"
version = "1.40.61"
source = { registry = ".wheelhouse-curated" }
dependencies = [
    { name = "botocore" },
    { name = "jmespath" },
    { name = "s3transfer" },
]
wheels = [
    { path = "boto3-1.40.61-py3-none-any.whl" },
]

[[package]]
name = "botocore"
version = "1.40.61"
source = { registry = ".wheelhouse-curated" }
dependencies = [
    { name = "jmespath" },
    { name = "python-dateutil" },
    { name = "urllib3" },
]
wheels = [
    { path = "botocore-1.40.61-py3-none-any.whl" },
]

[[package]]
name = "certifi"
version = "2026.7.22"
source = { registry = ".wheelhouse-curated" }
wheels = [
    { path = "certifi-2026.7.22-py3-none-any.whl" },
]

[[package]]
name = "cffi"
version = "2.1.1"
source = { registry = ".wheelhouse-curated" }
dependencies = [
    { name = "pycparser", marker = "implementation_name != 'PyPy'" },
]
wheels = [
    { path = "cffi-2.1.1-cp313-cp313-win_amd64.whl" },
]

[[package]]
name = "charset-normalizer"
version = "3.4.9"
source = { registry = ".wheelhouse-curated" }
wheels = [
    { path = "charset_normalizer-3.4.9-cp313-cp313-win_amd64.whl" },
]

[[package]]
name = "click"
version = "8.4.2"
source = { registry = ".wheelhouse-curated" }
dependencies = [
    { name = "colorama", marker = "sys_platform == 'win32'" },
]
wheels = [
    { path = "click-8.4.2-py3-none-any.whl" },
]

[[package]]
name = "colorama"
version = "0.4.6"
source = { registry = ".wheelhouse-curated" }
wheels = [
    { path = "colorama-0.4.6-py2.py3-none-any.whl" },
]

[[package]]
name = "cryptography"
version = "46.0.7"
source = { registry = ".wheelhouse-curated" }
dependencies = [
    { name = "cffi", marker = "platform_python_implementation != 'PyPy'" },
]
wheels = [
    { path = "cryptography-46.0.7-cp311-abi3-win_amd64.whl" },
]

[[package]]
name = "debugpy"
version = "1.8.21"
source = { registry = ".wheelhouse-curated" }
wheels = [
    { path = "debugpy-1.8.21-cp313-cp313-win_amd64.whl" },
]

[[package]]
name = "distro"
version = "1.9.0"
source = { registry = ".wheelhouse-curated" }
wheels = [
    { path = "distro-1.9.0-py3-none-any.whl" },
]

[[package]]
name = "docstring-parser"
version = "0.18.0"
source = { registry = ".wheelhouse-curated" }
wheels = [
    { path = "docstring_parser-0.18.0-py3-none-any.whl" },
]

[[package]]
name = "duckdb"
version = "1.5.5"
source = { registry = ".wheelhouse-curated" }
wheels = [
    { path = "duckdb-1.5.5-cp313-cp313-win_amd64.whl" },
]

[[package]]
name = "fastapi"
version = "0.141.1"
source = { registry = ".wheelhouse-curated" }
dependencies = [
    { name = "annotated-doc" },
    { name = "pydantic" },
    { name = "starlette" },
    { name = "typing-extensions" },
    { name = "typing-inspection" },
]
wheels = [
    { path = "fastapi-0.141.1-py3-none-any.whl" },
]

[[package]]
name = "fastembed"
version = "0.8.0"
source = { registry = ".wheelhouse-curated" }
dependencies = [
    { name = "huggingface-hub" },
    { name = "loguru" },
    { name = "mmh3" },
    { name = "numpy" },
    { name = "onnxruntime" },
    { name = "pillow" },
    { name = "py-rust-stemmers" },
    { name = "requests" },
    { name = "tokenizers" },
    { name = "tqdm" },
]
wheels = [
    { path = "fastembed-0.8.0-py3-none-any.whl" },
]

[[package]]
name = "fastuuid"
version = "0.14.0"
source = { registry = ".wheelhouse-curated" }
wheels = [
    { path = "fastuuid-0.14.0-cp313-cp313-win_amd64.whl" },
]

[[package]]
name = "filelock"
version = "3.32.2"
source = { registry = ".wheelhouse-curated" }
wheels = [
    { path = "filelock-3.32.2-py3-none-any.whl" },
]

[[package]]
name = "flatbuffers"
version = "25.12.19"
source = { registry = ".wheelhouse-curated" }
wheels = [
    { path = "flatbuffers-25.12.19-py2.py3-none-any.whl" },
]

[[package]]
name = "frozenlist"
version = "1.8.0"
source = { registry = ".wheelhouse-curated" }
wheels = [
    { path = "frozenlist-1.8.0-cp313-cp313-win_amd64.whl" },
]

[[package]]
name = "fsspec"
version = "2025.9.0"
source = { registry = ".wheelhouse-curated" }
wheels = [
    { path = "fsspec-2025.9.0-py3-none-any.whl" },
]

[[package]]
name = "github-copilot-sdk"
version = "1.0.8"
source = { registry = ".wheelhouse-curated" }
dependencies = [
    { name = "httpx" },
    { name = "pydantic" },
    { name = "python-dateutil" },
]
wheels = [
    { path = "github_copilot_sdk-1.0.8-py3-none-any.whl", hash = "sha256:7c3d868b73daa3a154ae6c1c5a2bd9301c47349c6b080f1ed77ba9027da3e0fa" },
]

[[package]]
name = "googleapis-common-protos"
version = "1.75.1"
source = { registry = ".wheelhouse-curated" }
dependencies = [
    { name = "protobuf" },
]
wheels = [
    { path = "googleapis_common_protos-1.75.1-py3-none-any.whl" },
]

[[package]]
name = "graphiti-core"
version = "0.29.3"
source = { registry = ".wheelhouse-curated" }
dependencies = [
    { name = "neo4j" },
    { name = "numpy" },
    { name = "openai" },
    { name = "posthog" },
    { name = "pydantic" },
    { name = "python-dotenv" },
    { name = "tenacity" },
]
wheels = [
    { path = "graphiti_core-0.29.3-py3-none-any.whl" },
]

[[package]]
name = "greenlet"
version = "3.5.5"
source = { registry = ".wheelhouse-curated" }
wheels = [
    { path = "greenlet-3.5.5-cp313-cp313-win_amd64.whl" },
]

[[package]]
name = "grpcio"
version = "1.83.0"
source = { registry = ".wheelhouse-curated" }
dependencies = [
    { name = "typing-extensions" },
]
wheels = [
    { path = "grpcio-1.83.0-cp313-cp313-win_amd64.whl" },
]

[[package]]
name = "h11"
version = "0.16.0"
source = { registry = ".wheelhouse-curated" }
wheels = [
    { path = "h11-0.16.0-py3-none-any.whl" },
]

[[package]]
name = "hf-xet"
version = "1.6.0"
source = { registry = ".wheelhouse-curated" }
wheels = [
    { path = "hf_xet-1.6.0-cp38-abi3-win_amd64.whl" },
]

[[package]]
name = "httpcore"
version = "1.0.9"
source = { registry = ".wheelhouse-curated" }
dependencies = [
    { name = "certifi" },
    { name = "h11" },
]
wheels = [
    { path = "httpcore-1.0.9-py3-none-any.whl" },
]

[[package]]
name = "httpx"
version = "0.28.1"
source = { registry = ".wheelhouse-curated" }
dependencies = [
    { name = "anyio" },
    { name = "certifi" },
    { name = "httpcore" },
    { name = "idna" },
]
wheels = [
    { path = "httpx-0.28.1-py3-none-any.whl" },
]

[[package]]
name = "httpx-sse"
version = "0.4.3"
source = { registry = ".wheelhouse-curated" }
wheels = [
    { path = "httpx_sse-0.4.3-py3-none-any.whl" },
]

[[package]]
name = "huggingface-hub"
version = "1.27.0"
source = { registry = ".wheelhouse-curated" }
dependencies = [
    { name = "click" },
    { name = "filelock" },
    { name = "fsspec" },
    { name = "hf-xet", marker = "platform_machine == 'AMD64' or platform_machine == 'aarch64' or platform_machine == 'amd64' or platform_machine == 'arm64' or platform_machine == 'x86_64'" },
    { name = "httpx" },
    { name = "packaging" },
    { name = "pyyaml" },
    { name = "tqdm" },
    { name = "typing-extensions" },
]
wheels = [
    { path = "huggingface_hub-1.27.0-py3-none-any.whl" },
]

[[package]]
name = "idna"
version = "3.18"
source = { registry = ".wheelhouse-curated" }
wheels = [
    { path = "idna-3.18-py3-none-any.whl" },
]

[[package]]
name = "ijson"
version = "3.5.1"
source = { registry = ".wheelhouse-curated" }
wheels = [
    { path = "ijson-3.5.1-cp313-cp313-win_amd64.whl" },
]

[[package]]
name = "importlib-metadata"
version = "8.9.0"
source = { registry = ".wheelhouse-curated" }
dependencies = [
    { name = "zipp" },
]
wheels = [
    { path = "importlib_metadata-8.9.0-py3-none-any.whl" },
]

[[package]]
name = "iniconfig"
version = "2.3.0"
source = { registry = ".wheelhouse-curated" }
wheels = [
    { path = "iniconfig-2.3.0-py3-none-any.whl" },
]

[[package]]
name = "inspect-ai"
version = "0.3.252"
source = { registry = ".wheelhouse-curated" }
dependencies = [
    { name = "agent-client-protocol" },
    { name = "aioboto3" },
    { name = "anyio" },
    { name = "beautifulsoup4" },
    { name = "boto3" },
    { name = "click" },
    { name = "debugpy" },
    { name = "docstring-parser" },
    { name = "fastapi" },
    { name = "fsspec" },
    { name = "httpx" },
    { name = "ijson" },
    { name = "jsonlines" },
    { name = "jsonpatch" },
    { name = "jsonpath-ng" },
    { name = "jsonref" },
    { name = "jsonschema" },
    { name = "mmh3" },
    { name = "nest-asyncio2" },
    { name = "numpy" },
    { name = "platformdirs" },
    { name = "psutil" },
    { name = "pydantic" },
    { name = "python-dotenv" },
    { name = "pyyaml" },
    { name = "rich" },
    { name = "s3fs" },
    { name = "semver" },
    { name = "shortuuid" },
    { name = "sniffio" },
    { name = "tenacity" },
    { name = "textual" },
    { name = "tiktoken" },
    { name = "typing-extensions" },
    { name = "universal-pathlib" },
    { name = "uvicorn" },
    { name = "zipfile-zstd" },
    { name = "zipp" },
    { name = "zstandard" },
]
wheels = [
    { path = "inspect_ai-0.3.252-py3-none-any.whl" },
]

[[package]]
name = "jinja2"
version = "3.1.6"
source = { registry = ".wheelhouse-curated" }
dependencies = [
    { name = "markupsafe" },
]
wheels = [
    { path = "jinja2-3.1.6-py3-none-any.whl" },
]

[[package]]
name = "jiter"
version = "0.16.0"
source = { registry = ".wheelhouse-curated" }
wheels = [
    { path = "jiter-0.16.0-cp313-cp313-win_amd64.whl" },
]

[[package]]
name = "jmespath"
version = "1.1.0"
source = { registry = ".wheelhouse-curated" }
wheels = [
    { path = "jmespath-1.1.0-py3-none-any.whl" },
]

[[package]]
name = "joblib"
version = "1.5.3"
source = { registry = ".wheelhouse-curated" }
wheels = [
    { path = "joblib-1.5.3-py3-none-any.whl" },
]

[[package]]
name = "jsonlines"
version = "4.0.0"
source = { registry = ".wheelhouse-curated" }
dependencies = [
    { name = "attrs" },
]
wheels = [
    { path = "jsonlines-4.0.0-py3-none-any.whl" },
]

[[package]]
name = "jsonpatch"
version = "1.33"
source = { registry = ".wheelhouse-curated" }
dependencies = [
    { name = "jsonpointer" },
]
wheels = [
    { path = "jsonpatch-1.33-py2.py3-none-any.whl" },
]

[[package]]
name = "jsonpath-ng"
version = "1.8.0"
source = { registry = ".wheelhouse-curated" }
wheels = [
    { path = "jsonpath_ng-1.8.0-py3-none-any.whl" },
]

[[package]]
name = "jsonpointer"
version = "3.1.1"
source = { registry = ".wheelhouse-curated" }
wheels = [
    { path = "jsonpointer-3.1.1-py3-none-any.whl" },
]

[[package]]
name = "jsonref"
version = "1.1.0"
source = { registry = ".wheelhouse-curated" }
wheels = [
    { path = "jsonref-1.1.0-py3-none-any.whl" },
]

[[package]]
name = "jsonschema"
version = "4.26.0"
source = { registry = ".wheelhouse-curated" }
dependencies = [
    { name = "attrs" },
    { name = "jsonschema-specifications" },
    { name = "referencing" },
    { name = "rpds-py" },
]
wheels = [
    { path = "jsonschema-4.26.0-py3-none-any.whl" },
]

[[package]]
name = "jsonschema-specifications"
version = "2025.9.1"
source = { registry = ".wheelhouse-curated" }
dependencies = [
    { name = "referencing" },
]
wheels = [
    { path = "jsonschema_specifications-2025.9.1-py3-none-any.whl" },
]

[[package]]
name = "ladybug"
version = "0.18.0"
source = { registry = ".wheelhouse-curated" }
wheels = [
    { path = "ladybug-0.18.0-cp313-cp313-win_amd64.whl" },
]

[[package]]
name = "linkify-it-py"
version = "2.1.0"
source = { registry = ".wheelhouse-curated" }
dependencies = [
    { name = "uc-micro-py" },
]
wheels = [
    { path = "linkify_it_py-2.1.0-py3-none-any.whl" },
]

[[package]]
name = "litellm"
version = "1.91.5"
source = { registry = ".wheelhouse-curated" }
dependencies = [
    { name = "aiohttp" },
    { name = "click" },
    { name = "fastuuid" },
    { name = "httpx" },
    { name = "importlib-metadata" },
    { name = "jinja2" },
    { name = "jsonschema" },
    { name = "openai" },
    { name = "pydantic" },
    { name = "python-dotenv" },
    { name = "tiktoken" },
    { name = "tokenizers" },
]
wheels = [
    { path = "litellm-1.91.5-py3-none-any.whl" },
]

[[package]]
name = "loguru"
version = "0.7.3"
source = { registry = ".wheelhouse-curated" }
dependencies = [
    { name = "colorama", marker = "sys_platform == 'win32'" },
    { name = "win32-setctime", marker = "sys_platform == 'win32'" },
]
wheels = [
    { path = "loguru-0.7.3-py3-none-any.whl" },
]

[[package]]
name = "mako"
version = "1.3.12"
source = { registry = ".wheelhouse-curated" }
dependencies = [
    { name = "markupsafe" },
]
wheels = [
    { path = "mako-1.3.12-py3-none-any.whl" },
]

[[package]]
name = "markdown-it-py"
version = "4.2.0"
source = { registry = ".wheelhouse-curated" }
dependencies = [
    { name = "mdurl" },
]
wheels = [
    { path = "markdown_it_py-4.2.0-py3-none-any.whl" },
]

[package.optional-dependencies]
linkify = [
    { name = "linkify-it-py" },
]

[[package]]
name = "markupsafe"
version = "3.0.3"
source = { registry = ".wheelhouse-curated" }
wheels = [
    { path = "markupsafe-3.0.3-cp313-cp313-win_amd64.whl" },
]

[[package]]
name = "mcp"
version = "1.29.0"
source = { registry = ".wheelhouse-curated" }
dependencies = [
    { name = "anyio" },
    { name = "httpx" },
    { name = "httpx-sse" },
    { name = "jsonschema" },
    { name = "pydantic" },
    { name = "pydantic-settings" },
    { name = "pyjwt", extra = ["crypto"] },
    { name = "python-multipart" },
    { name = "pywin32", marker = "sys_platform == 'win32'" },
    { name = "sse-starlette" },
    { name = "starlette" },
    { name = "typing-extensions" },
    { name = "typing-inspection" },
    { name = "uvicorn", marker = "sys_platform != 'emscripten'" },
]
wheels = [
    { path = "mcp-1.29.0-py3-none-any.whl" },
]

[[package]]
name = "mdit-py-plugins"
version = "0.6.1"
source = { registry = ".wheelhouse-curated" }
dependencies = [
    { name = "markdown-it-py" },
]
wheels = [
    { path = "mdit_py_plugins-0.6.1-py3-none-any.whl" },
]

[[package]]
name = "mdurl"
version = "0.1.2"
source = { registry = ".wheelhouse-curated" }
wheels = [
    { path = "mdurl-0.1.2-py3-none-any.whl" },
]

[[package]]
name = "memrelay"
source = { directory = "../" }
dependencies = [
    { name = "certifi" },
    { name = "click" },
    { name = "fastembed" },
    { name = "graphiti-core" },
    { name = "ladybug" },
    { name = "litellm" },
    { name = "mcp" },
    { name = "structlog" },
    { name = "traceforge-toolkit" },
]

[package.metadata]
requires-dist = [
    { name = "boto3", marker = "extra == 'neptune'", specifier = ">=1.39.16" },
    { name = "certifi", specifier = ">=2023.7" },
    { name = "click", specifier = ">=8.0,<9" },
    { name = "falkordb", marker = "extra == 'falkordb'", specifier = ">=1.1.2,<2.0.0" },
    { name = "fastembed", specifier = ">=0.3,<1" },
    { name = "graphiti-core", specifier = ">=0.29,<0.30" },
    { name = "ladybug", specifier = ">=0.18,<0.18.1" },
    { name = "langchain-aws", marker = "extra == 'neptune'", specifier = ">=0.2.29" },
    { name = "litellm", specifier = ">=1.0,<1.92" },
    { name = "mcp", specifier = ">=1.0,<2" },
    { name = "model2vec", marker = "extra == 'phase'", specifier = ">=0.8.2" },
    { name = "opensearch-py", marker = "extra == 'neptune'", specifier = ">=3.0.0" },
    { name = "pre-commit", marker = "extra == 'dev'", specifier = ">=3.5,<5" },
    { name = "pytest", marker = "extra == 'dev'", specifier = ">=8.0,<10" },
    { name = "requests", marker = "extra == 'phase'", specifier = ">=2.31" },
    { name = "ruff", marker = "extra == 'dev'", specifier = ">=0.16,<0.17" },
    { name = "scikit-learn", marker = "extra == 'phase'", specifier = ">=1.5" },
    { name = "structlog", specifier = ">=23.0,<27" },
    { name = "traceforge-toolkit", specifier = ">=0.1,<0.1.2" },
]
provides-extras = ["dev", "falkordb", "neptune", "phase"]

[[package]]
name = "memrelay-eval"
version = "0.1.0"
source = { editable = "." }
dependencies = [
    { name = "github-copilot-sdk" },
    { name = "inspect-ai" },
    { name = "jsonschema" },
    { name = "memrelay" },
    { name = "pyyaml" },
    { name = "rfc8785" },
]

[package.optional-dependencies]
dev = [
    { name = "pytest" },
]
future-adapters = [
    { name = "duckdb" },
    { name = "openinference-instrumentation-openai" },
    { name = "openinference-semantic-conventions" },
    { name = "opentelemetry-exporter-otlp" },
    { name = "opentelemetry-sdk" },
    { name = "pyarrow" },
]

[package.metadata]
requires-dist = [
    { name = "duckdb", marker = "extra == 'future-adapters'", specifier = "==1.5.5" },
    { name = "github-copilot-sdk", specifier = "==1.0.8" },
    { name = "inspect-ai", specifier = "==0.3.252" },
    { name = "jsonschema", specifier = "==4.26.0" },
    { name = "memrelay", directory = "../" },
    { name = "openinference-instrumentation-openai", marker = "extra == 'future-adapters'", specifier = "==0.1.53" },
    { name = "openinference-semantic-conventions", marker = "extra == 'future-adapters'", specifier = "==0.1.31" },
    { name = "opentelemetry-exporter-otlp", marker = "extra == 'future-adapters'", specifier = "==1.44.0" },
    { name = "opentelemetry-sdk", marker = "extra == 'future-adapters'", specifier = "==1.44.0" },
    { name = "pyarrow", marker = "extra == 'future-adapters'", specifier = "==25.0.0" },
    { name = "pytest", marker = "extra == 'dev'", specifier = ">=8,<10" },
    { name = "pyyaml", specifier = "==6.0.3" },
    { name = "rfc8785", specifier = "==0.1.4" },
]
provides-extras = ["dev", "future-adapters"]

[[package]]
name = "mmh3"
version = "5.2.1"
source = { registry = ".wheelhouse-curated" }
wheels = [
    { path = "mmh3-5.2.1-cp313-cp313-win_amd64.whl" },
]

[[package]]
name = "model2vec"
version = "0.8.2"
source = { registry = ".wheelhouse-curated" }
dependencies = [
    { name = "jinja2" },
    { name = "joblib" },
    { name = "numpy" },
    { name = "safetensors" },
    { name = "tokenizers" },
    { name = "tqdm" },
]
wheels = [
    { path = "model2vec-0.8.2-py3-none-any.whl" },
]

[[package]]
name = "multidict"
version = "6.7.1"
source = { registry = ".wheelhouse-curated" }
wheels = [
    { path = "multidict-6.7.1-cp313-cp313-win_amd64.whl" },
]

[[package]]
name = "narwhals"
version = "2.24.0"
source = { registry = ".wheelhouse-curated" }
wheels = [
    { path = "narwhals-2.24.0-py3-none-any.whl" },
]

[[package]]
name = "neo4j"
version = "6.2.0"
source = { registry = ".wheelhouse-curated" }
dependencies = [
    { name = "pytz" },
]
wheels = [
    { path = "neo4j-6.2.0-py3-none-any.whl" },
]

[[package]]
name = "nest-asyncio2"
version = "1.7.2"
source = { registry = ".wheelhouse-curated" }
wheels = [
    { path = "nest_asyncio2-1.7.2-py3-none-any.whl" },
]

[[package]]
name = "numpy"
version = "2.5.2"
source = { registry = ".wheelhouse-curated" }
wheels = [
    { path = "numpy-2.5.2-cp313-cp313-win_amd64.whl" },
]

[[package]]
name = "onnxruntime"
version = "1.26.0"
source = { registry = ".wheelhouse-curated" }
dependencies = [
    { name = "flatbuffers" },
    { name = "numpy" },
    { name = "packaging" },
    { name = "protobuf" },
]
wheels = [
    { path = "onnxruntime-1.26.0-cp313-cp313-win_amd64.whl" },
]

[[package]]
name = "openai"
version = "2.53.0"
source = { registry = ".wheelhouse-curated" }
dependencies = [
    { name = "anyio" },
    { name = "distro" },
    { name = "httpx" },
    { name = "jiter" },
    { name = "pydantic" },
    { name = "sniffio" },
    { name = "tqdm" },
    { name = "typing-extensions" },
]
wheels = [
    { path = "openai-2.53.0-py3-none-any.whl" },
]

[[package]]
name = "openinference-instrumentation"
version = "0.1.57"
source = { registry = ".wheelhouse-curated" }
dependencies = [
    { name = "openinference-semantic-conventions" },
    { name = "opentelemetry-api" },
    { name = "opentelemetry-sdk" },
    { name = "wrapt" },
]
wheels = [
    { path = "openinference_instrumentation-0.1.57-py3-none-any.whl" },
]

[[package]]
name = "openinference-instrumentation-openai"
version = "0.1.53"
source = { registry = ".wheelhouse-curated" }
dependencies = [
    { name = "openinference-instrumentation" },
    { name = "openinference-semantic-conventions" },
    { name = "opentelemetry-api" },
    { name = "opentelemetry-instrumentation" },
    { name = "opentelemetry-semantic-conventions" },
    { name = "typing-extensions" },
    { name = "wrapt" },
]
wheels = [
    { path = "openinference_instrumentation_openai-0.1.53-py3-none-any.whl" },
]

[[package]]
name = "openinference-semantic-conventions"
version = "0.1.31"
source = { registry = ".wheelhouse-curated" }
wheels = [
    { path = "openinference_semantic_conventions-0.1.31-py3-none-any.whl" },
]

[[package]]
name = "opentelemetry-api"
version = "1.44.0"
source = { registry = ".wheelhouse-curated" }
dependencies = [
    { name = "typing-extensions" },
]
wheels = [
    { path = "opentelemetry_api-1.44.0-py3-none-any.whl" },
]

[[package]]
name = "opentelemetry-exporter-otlp"
version = "1.44.0"
source = { registry = ".wheelhouse-curated" }
dependencies = [
    { name = "opentelemetry-exporter-otlp-proto-grpc" },
    { name = "opentelemetry-exporter-otlp-proto-http" },
]
wheels = [
    { path = "opentelemetry_exporter_otlp-1.44.0-py3-none-any.whl" },
]

[[package]]
name = "opentelemetry-exporter-otlp-proto-common"
version = "1.44.0"
source = { registry = ".wheelhouse-curated" }
dependencies = [
    { name = "opentelemetry-proto" },
]
wheels = [
    { path = "opentelemetry_exporter_otlp_proto_common-1.44.0-py3-none-any.whl" },
]

[[package]]
name = "opentelemetry-exporter-otlp-proto-grpc"
version = "1.44.0"
source = { registry = ".wheelhouse-curated" }
dependencies = [
    { name = "googleapis-common-protos" },
    { name = "grpcio" },
    { name = "opentelemetry-api" },
    { name = "opentelemetry-exporter-otlp-proto-common" },
    { name = "opentelemetry-proto" },
    { name = "opentelemetry-sdk" },
    { name = "typing-extensions" },
]
wheels = [
    { path = "opentelemetry_exporter_otlp_proto_grpc-1.44.0-py3-none-any.whl" },
]

[[package]]
name = "opentelemetry-exporter-otlp-proto-http"
version = "1.44.0"
source = { registry = ".wheelhouse-curated" }
dependencies = [
    { name = "googleapis-common-protos" },
    { name = "opentelemetry-api" },
    { name = "opentelemetry-exporter-otlp-proto-common" },
    { name = "opentelemetry-proto" },
    { name = "opentelemetry-sdk" },
    { name = "requests" },
    { name = "typing-extensions" },
]
wheels = [
    { path = "opentelemetry_exporter_otlp_proto_http-1.44.0-py3-none-any.whl" },
]

[[package]]
name = "opentelemetry-instrumentation"
version = "0.65b0"
source = { registry = ".wheelhouse-curated" }
dependencies = [
    { name = "opentelemetry-api" },
    { name = "opentelemetry-semantic-conventions" },
    { name = "packaging" },
    { name = "wrapt" },
]
wheels = [
    { path = "opentelemetry_instrumentation-0.65b0-py3-none-any.whl" },
]

[[package]]
name = "opentelemetry-proto"
version = "1.44.0"
source = { registry = ".wheelhouse-curated" }
dependencies = [
    { name = "protobuf" },
]
wheels = [
    { path = "opentelemetry_proto-1.44.0-py3-none-any.whl" },
]

[[package]]
name = "opentelemetry-sdk"
version = "1.44.0"
source = { registry = ".wheelhouse-curated" }
dependencies = [
    { name = "opentelemetry-api" },
    { name = "opentelemetry-semantic-conventions" },
    { name = "typing-extensions" },
]
wheels = [
    { path = "opentelemetry_sdk-1.44.0-py3-none-any.whl" },
]

[[package]]
name = "opentelemetry-semantic-conventions"
version = "0.65b0"
source = { registry = ".wheelhouse-curated" }
dependencies = [
    { name = "opentelemetry-api" },
    { name = "typing-extensions" },
]
wheels = [
    { path = "opentelemetry_semantic_conventions-0.65b0-py3-none-any.whl" },
]

[[package]]
name = "packaging"
version = "26.3"
source = { registry = ".wheelhouse-curated" }
wheels = [
    { path = "packaging-26.3-py3-none-any.whl" },
]

[[package]]
name = "pathlib-abc"
version = "0.5.2"
source = { registry = ".wheelhouse-curated" }
wheels = [
    { path = "pathlib_abc-0.5.2-py3-none-any.whl" },
]

[[package]]
name = "pillow"
version = "12.3.0"
source = { registry = ".wheelhouse-curated" }
wheels = [
    { path = "pillow-12.3.0-cp313-cp313-win_amd64.whl" },
]

[[package]]
name = "platformdirs"
version = "4.11.2"
source = { registry = ".wheelhouse-curated" }
wheels = [
    { path = "platformdirs-4.11.2-py3-none-any.whl" },
]

[[package]]
name = "pluggy"
version = "1.6.0"
source = { registry = ".wheelhouse-curated" }
wheels = [
    { path = "pluggy-1.6.0-py3-none-any.whl" },
]

[[package]]
name = "posthog"
version = "7.38.4"
source = { registry = ".wheelhouse-curated" }
dependencies = [
    { name = "backoff" },
    { name = "distro" },
    { name = "requests" },
    { name = "typing-extensions" },
]
wheels = [
    { path = "posthog-7.38.4-py3-none-any.whl" },
]

[[package]]
name = "propcache"
version = "0.5.2"
source = { registry = ".wheelhouse-curated" }
wheels = [
    { path = "propcache-0.5.2-cp313-cp313-win_amd64.whl" },
]

[[package]]
name = "protobuf"
version = "7.35.1"
source = { registry = ".wheelhouse-curated" }
wheels = [
    { path = "protobuf-7.35.1-cp310-abi3-win_amd64.whl" },
]

[[package]]
name = "psutil"
version = "7.2.2"
source = { registry = ".wheelhouse-curated" }
wheels = [
    { path = "psutil-7.2.2-cp37-abi3-win_amd64.whl" },
]

[[package]]
name = "py-rust-stemmers"
version = "0.1.8"
source = { registry = ".wheelhouse-curated" }
wheels = [
    { path = "py_rust_stemmers-0.1.8-cp313-cp313-win_amd64.whl" },
]

[[package]]
name = "pyarrow"
version = "25.0.0"
source = { registry = ".wheelhouse-curated" }
wheels = [
    { path = "pyarrow-25.0.0-cp313-cp313-win_amd64.whl" },
]

[[package]]
name = "pycparser"
version = "3.0"
source = { registry = ".wheelhouse-curated" }
wheels = [
    { path = "pycparser-3.0-py3-none-any.whl" },
]

[[package]]
name = "pydantic"
version = "2.13.4"
source = { registry = ".wheelhouse-curated" }
dependencies = [
    { name = "annotated-types" },
    { name = "pydantic-core" },
    { name = "typing-extensions" },
    { name = "typing-inspection" },
]
wheels = [
    { path = "pydantic-2.13.4-py3-none-any.whl" },
]

[[package]]
name = "pydantic-core"
version = "2.46.4"
source = { registry = ".wheelhouse-curated" }
dependencies = [
    { name = "typing-extensions" },
]
wheels = [
    { path = "pydantic_core-2.46.4-cp313-cp313-win_amd64.whl" },
]

[[package]]
name = "pydantic-settings"
version = "2.15.0"
source = { registry = ".wheelhouse-curated" }
dependencies = [
    { name = "pydantic" },
    { name = "python-dotenv" },
    { name = "typing-inspection" },
]
wheels = [
    { path = "pydantic_settings-2.15.0-py3-none-any.whl" },
]

[[package]]
name = "pygments"
version = "2.20.0"
source = { registry = ".wheelhouse-curated" }
wheels = [
    { path = "pygments-2.20.0-py3-none-any.whl" },
]

[[package]]
name = "pyjwt"
version = "2.13.0"
source = { registry = ".wheelhouse-curated" }
wheels = [
    { path = "pyjwt-2.13.0-py3-none-any.whl" },
]

[package.optional-dependencies]
crypto = [
    { name = "cryptography" },
]

[[package]]
name = "pytest"
version = "9.1.1"
source = { registry = ".wheelhouse-curated" }
dependencies = [
    { name = "colorama", marker = "sys_platform == 'win32'" },
    { name = "iniconfig" },
    { name = "packaging" },
    { name = "pluggy" },
    { name = "pygments" },
]
wheels = [
    { path = "pytest-9.1.1-py3-none-any.whl" },
]

[[package]]
name = "python-dateutil"
version = "2.9.0.post0"
source = { registry = ".wheelhouse-curated" }
dependencies = [
    { name = "six" },
]
wheels = [
    { path = "python_dateutil-2.9.0.post0-py2.py3-none-any.whl" },
]

[[package]]
name = "python-dotenv"
version = "1.2.2"
source = { registry = ".wheelhouse-curated" }
wheels = [
    { path = "python_dotenv-1.2.2-py3-none-any.whl" },
]

[[package]]
name = "python-multipart"
version = "0.0.32"
source = { registry = ".wheelhouse-curated" }
wheels = [
    { path = "python_multipart-0.0.32-py3-none-any.whl" },
]

[[package]]
name = "pytz"
version = "2026.3.post1"
source = { registry = ".wheelhouse-curated" }
wheels = [
    { path = "pytz-2026.3.post1-py2.py3-none-any.whl" },
]

[[package]]
name = "pywin32"
version = "310"
source = { registry = ".wheelhouse-curated" }
wheels = [
    { path = "pywin32-310-cp313-cp313-win_amd64.whl" },
]

[[package]]
name = "pyyaml"
version = "6.0.3"
source = { registry = ".wheelhouse-curated" }
wheels = [
    { path = "pyyaml-6.0.3-cp313-cp313-win_amd64.whl" },
]

[[package]]
name = "referencing"
version = "0.37.0"
source = { registry = ".wheelhouse-curated" }
dependencies = [
    { name = "attrs" },
    { name = "rpds-py" },
]
wheels = [
    { path = "referencing-0.37.0-py3-none-any.whl" },
]

[[package]]
name = "regex"
version = "2026.7.19"
source = { registry = ".wheelhouse-curated" }
wheels = [
    { path = "regex-2026.7.19-cp313-cp313-win_amd64.whl" },
]

[[package]]
name = "requests"
version = "2.34.2"
source = { registry = ".wheelhouse-curated" }
dependencies = [
    { name = "certifi" },
    { name = "charset-normalizer" },
    { name = "idna" },
    { name = "urllib3" },
]
wheels = [
    { path = "requests-2.34.2-py3-none-any.whl" },
]

[[package]]
name = "rfc8785"
version = "0.1.4"
source = { registry = ".wheelhouse-curated" }
wheels = [
    { path = "rfc8785-0.1.4-py3-none-any.whl" },
]

[[package]]
name = "rich"
version = "15.0.0"
source = { registry = ".wheelhouse-curated" }
dependencies = [
    { name = "markdown-it-py" },
    { name = "pygments" },
]
wheels = [
    { path = "rich-15.0.0-py3-none-any.whl" },
]

[[package]]
name = "rpds-py"
version = "2026.6.3"
source = { registry = ".wheelhouse-curated" }
wheels = [
    { path = "rpds_py-2026.6.3-cp313-cp313-win_amd64.whl" },
]

[[package]]
name = "s3fs"
version = "2025.9.0"
source = { registry = ".wheelhouse-curated" }
dependencies = [
    { name = "aiobotocore" },
    { name = "aiohttp" },
    { name = "fsspec" },
]
wheels = [
    { path = "s3fs-2025.9.0-py3-none-any.whl" },
]

[[package]]
name = "s3transfer"
version = "0.14.0"
source = { registry = ".wheelhouse-curated" }
dependencies = [
    { name = "botocore" },
]
wheels = [
    { path = "s3transfer-0.14.0-py3-none-any.whl" },
]

[[package]]
name = "safetensors"
version = "0.8.0"
source = { registry = ".wheelhouse-curated" }
wheels = [
    { path = "safetensors-0.8.0-cp310-abi3-win_amd64.whl" },
]

[[package]]
name = "scikit-learn"
version = "1.9.0"
source = { registry = ".wheelhouse-curated" }
dependencies = [
    { name = "joblib" },
    { name = "narwhals" },
    { name = "numpy" },
    { name = "scipy" },
    { name = "threadpoolctl" },
]
wheels = [
    { path = "scikit_learn-1.9.0-cp313-cp313-win_amd64.whl" },
]

[[package]]
name = "scipy"
version = "1.18.0"
source = { registry = ".wheelhouse-curated" }
dependencies = [
    { name = "numpy" },
]
wheels = [
    { path = "scipy-1.18.0-cp313-cp313-win_amd64.whl" },
]

[[package]]
name = "semver"
version = "3.0.4"
source = { registry = ".wheelhouse-curated" }
wheels = [
    { path = "semver-3.0.4-py3-none-any.whl" },
]

[[package]]
name = "shortuuid"
version = "1.0.13"
source = { registry = ".wheelhouse-curated" }
wheels = [
    { path = "shortuuid-1.0.13-py3-none-any.whl" },
]

[[package]]
name = "six"
version = "1.17.0"
source = { registry = ".wheelhouse-curated" }
wheels = [
    { path = "six-1.17.0-py2.py3-none-any.whl" },
]

[[package]]
name = "sniffio"
version = "1.3.1"
source = { registry = ".wheelhouse-curated" }
wheels = [
    { path = "sniffio-1.3.1-py3-none-any.whl" },
]

[[package]]
name = "soupsieve"
version = "2.9.2"
source = { registry = ".wheelhouse-curated" }
wheels = [
    { path = "soupsieve-2.9.2-py3-none-any.whl" },
]

[[package]]
name = "sqlalchemy"
version = "2.0.50"
source = { registry = ".wheelhouse-curated" }
dependencies = [
    { name = "greenlet", marker = "platform_machine == 'AMD64' or platform_machine == 'WIN32' or platform_machine == 'aarch64' or platform_machine == 'amd64' or platform_machine == 'ppc64le' or platform_machine == 'win32' or platform_machine == 'x86_64'" },
    { name = "typing-extensions" },
]
wheels = [
    { path = "sqlalchemy-2.0.50-cp313-cp313-win_amd64.whl" },
]

[[package]]
name = "sse-starlette"
version = "3.4.8"
source = { registry = ".wheelhouse-curated" }
dependencies = [
    { name = "anyio" },
    { name = "starlette" },
]
wheels = [
    { path = "sse_starlette-3.4.8-py3-none-any.whl" },
]

[[package]]
name = "starlette"
version = "1.6.0"
source = { registry = ".wheelhouse-curated" }
dependencies = [
    { name = "anyio" },
]
wheels = [
    { path = "starlette-1.6.0-py3-none-any.whl" },
]

[[package]]
name = "structlog"
version = "25.5.0"
source = { registry = ".wheelhouse-curated" }
wheels = [
    { path = "structlog-25.5.0-py3-none-any.whl" },
]

[[package]]
name = "tenacity"
version = "9.1.4"
source = { registry = ".wheelhouse-curated" }
wheels = [
    { path = "tenacity-9.1.4-py3-none-any.whl" },
]

[[package]]
name = "textual"
version = "8.2.8"
source = { registry = ".wheelhouse-curated" }
dependencies = [
    { name = "markdown-it-py", extra = ["linkify"] },
    { name = "mdit-py-plugins" },
    { name = "platformdirs" },
    { name = "pygments" },
    { name = "rich" },
    { name = "typing-extensions" },
]
wheels = [
    { path = "textual-8.2.8-py3-none-any.whl" },
]

[[package]]
name = "threadpoolctl"
version = "3.6.0"
source = { registry = ".wheelhouse-curated" }
wheels = [
    { path = "threadpoolctl-3.6.0-py3-none-any.whl" },
]

[[package]]
name = "tiktoken"
version = "0.13.0"
source = { registry = ".wheelhouse-curated" }
dependencies = [
    { name = "regex" },
    { name = "requests" },
]
wheels = [
    { path = "tiktoken-0.13.0-cp313-cp313-win_amd64.whl" },
]

[[package]]
name = "tokenizers"
version = "0.23.1"
source = { registry = ".wheelhouse-curated" }
dependencies = [
    { name = "huggingface-hub" },
]
wheels = [
    { path = "tokenizers-0.23.1-cp310-abi3-win_amd64.whl" },
]

[[package]]
name = "tqdm"
version = "4.70.0"
source = { registry = ".wheelhouse-curated" }
dependencies = [
    { name = "colorama", marker = "sys_platform == 'win32'" },
]
wheels = [
    { path = "tqdm-4.70.0-py3-none-any.whl" },
]

[[package]]
name = "traceforge-title-model"
version = "0.2.0"
source = { registry = ".wheelhouse-curated" }
wheels = [
    { path = "traceforge_title_model-0.2.0-py3-none-any.whl" },
]

[[package]]
name = "traceforge-toolkit"
version = "0.1.1"
source = { registry = ".wheelhouse-curated" }
dependencies = [
    { name = "alembic" },
    { name = "click" },
    { name = "httpx" },
    { name = "joblib" },
    { name = "litellm" },
    { name = "model2vec" },
    { name = "numpy" },
    { name = "onnxruntime" },
    { name = "pyarrow" },
    { name = "pydantic" },
    { name = "pyyaml" },
    { name = "scikit-learn" },
    { name = "scipy" },
    { name = "sqlalchemy" },
    { name = "tokenizers" },
    { name = "traceforge-title-model" },
    { name = "tree-sitter" },
    { name = "tree-sitter-bash" },
    { name = "tree-sitter-markdown" },
    { name = "tree-sitter-powershell" },
    { name = "tzdata", marker = "sys_platform == 'win32'" },
    { name = "watchdog" },
]
wheels = [
    { path = "traceforge_toolkit-0.1.1-py3-none-any.whl" },
]

[[package]]
name = "tree-sitter"
version = "0.25.2"
source = { registry = ".wheelhouse-curated" }
wheels = [
    { path = "tree_sitter-0.25.2-cp313-cp313-win_amd64.whl" },
]

[[package]]
name = "tree-sitter-bash"
version = "0.25.1"
source = { registry = ".wheelhouse-curated" }
wheels = [
    { path = "tree_sitter_bash-0.25.1-cp310-abi3-win_amd64.whl" },
]

[[package]]
name = "tree-sitter-markdown"
version = "0.5.1"
source = { registry = ".wheelhouse-curated" }
wheels = [
    { path = "tree_sitter_markdown-0.5.1-cp39-abi3-win_amd64.whl" },
]

[[package]]
name = "tree-sitter-powershell"
version = "0.26.4"
source = { registry = ".wheelhouse-curated" }
wheels = [
    { path = "tree_sitter_powershell-0.26.4-cp310-abi3-win_amd64.whl" },
]

[[package]]
name = "typing-extensions"
version = "4.16.0"
source = { registry = ".wheelhouse-curated" }
wheels = [
    { path = "typing_extensions-4.16.0-py3-none-any.whl" },
]

[[package]]
name = "typing-inspection"
version = "0.4.3"
source = { registry = ".wheelhouse-curated" }
dependencies = [
    { name = "typing-extensions" },
]
wheels = [
    { path = "typing_inspection-0.4.3-py3-none-any.whl" },
]

[[package]]
name = "tzdata"
version = "2026.3"
source = { registry = ".wheelhouse-curated" }
wheels = [
    { path = "tzdata-2026.3-py2.py3-none-any.whl" },
]

[[package]]
name = "uc-micro-py"
version = "2.0.0"
source = { registry = ".wheelhouse-curated" }
wheels = [
    { path = "uc_micro_py-2.0.0-py3-none-any.whl" },
]

[[package]]
name = "universal-pathlib"
version = "0.3.10"
source = { registry = ".wheelhouse-curated" }
dependencies = [
    { name = "fsspec" },
    { name = "pathlib-abc" },
]
wheels = [
    { path = "universal_pathlib-0.3.10-py3-none-any.whl" },
]

[[package]]
name = "urllib3"
version = "2.7.0"
source = { registry = ".wheelhouse-curated" }
wheels = [
    { path = "urllib3-2.7.0-py3-none-any.whl" },
]

[[package]]
name = "uvicorn"
version = "0.52.1"
source = { registry = ".wheelhouse-curated" }
dependencies = [
    { name = "click" },
    { name = "h11" },
]
wheels = [
    { path = "uvicorn-0.52.1-py3-none-any.whl" },
]

[[package]]
name = "watchdog"
version = "6.0.0"
source = { registry = ".wheelhouse-curated" }
wheels = [
    { path = "watchdog-6.0.0-py3-none-win_amd64.whl" },
]

[[package]]
name = "win32-setctime"
version = "1.2.0"
source = { registry = ".wheelhouse-curated" }
wheels = [
    { path = "win32_setctime-1.2.0-py3-none-any.whl" },
]

[[package]]
name = "wrapt"
version = "1.17.3"
source = { registry = ".wheelhouse-curated" }
wheels = [
    { path = "wrapt-1.17.3-cp313-cp313-win_amd64.whl" },
]

[[package]]
name = "yarl"
version = "1.24.5"
source = { registry = ".wheelhouse-curated" }
dependencies = [
    { name = "idna" },
    { name = "multidict" },
    { name = "propcache" },
]
wheels = [
    { path = "yarl-1.24.5-cp313-cp313-win_amd64.whl" },
]

[[package]]
name = "zipfile-zstd"
version = "0.0.4"
source = { registry = ".wheelhouse-curated" }
dependencies = [
    { name = "zstandard" },
]
wheels = [
    { path = "zipfile_zstd-0.0.4-py3-none-any.whl" },
]

[[package]]
name = "zipp"
version = "4.1.0"
source = { registry = ".wheelhouse-curated" }
wheels = [
    { path = "zipp-4.1.0-py3-none-any.whl" },
]

[[package]]
name = "zstandard"
version = "0.25.0"
source = { registry = ".wheelhouse-curated" }
wheels = [
    { path = "zstandard-0.25.0-cp313-cp313-win_amd64.whl" },
]
